
Microsoft Visual Studio Solution File, Format Version 12.00
# Visual Studio Version 16
VisualStudioVersion = 16.0.31005.135
MinimumVisualStudioVersion = 10.0.40219.1
Project("{FAE04EC0-301F-11D3-BF4B-00C04F79EFBC}") = "Quiz", "Quiz\Quiz.csproj", "{FFF30108-CF7F-4C3A-B8B6-7319C741C03E}"
EndProject
Global
	GlobalSection(SolutionConfigurationPlatforms) = preSolution
		Debug|Any CPU = Debug|Any CPU
		Release|Any CPU = Release|Any CPU
	EndGlobalSection
	GlobalSection(ProjectConfigurationPlatforms) = postSolution
		{FFF30108-CF7F-4C3A-B8B6-7319C741C03E}.Debug|Any CPU.ActiveCfg = Debug|Any CPU
		{FFF30108-CF7F-4C3A-B8B6-7319C741C03E}.Debug|Any CPU.Build.0 = Debug|Any CPU
		{FFF30108-CF7F-4C3A-B8B6-7319C741C03E}.Release|Any CPU.ActiveCfg = Release|Any CPU
		{FFF30108-CF7F-4C3A-B8B6-7319C741C03E}.Release|Any CPU.Build.0 = Release|Any CPU
	EndGlobalSection
	GlobalSection(SolutionProperties) = preSolution
		HideSolutionNode = FALSE
	EndGlobalSection
	GlobalSection(ExtensibilityGlobals) = postSolution
		SolutionGuid = {BC271B94-C916-4447-92FA-B96E578D3ACE}
	EndGlobalSection
EndGlobal
